{
  "version": 4,
  "terraform_version": "1.12.2",
  "serial": 9,
  "lineage": "570b6394-70f8-dc9d-dcaa-85d76248aaa5",
  "outputs": {},
  "resources": [
    {
      "mode": "data",
      "type": "azurerm_subscription",
      "name": "current",
      "provider": "provider[\"registry.terraform.io/hashicorp/azurerm\"]",
      "instances": [
        {
          "schema_version": 0,
          "attributes": {
            "display_name": "Pay-As-You-Go",
            "id": "/subscriptions/6b3de81f-c407-4fc8-b47f-534df4ba62d4",
            "location_placement_id": "Public_2014-09-01",
            "quota_id": "PayAsYouGo_2014-09-01",
            "spending_limit": "Off",
            "state": "Enabled",
            "subscription_id": "6b3de81f-c407-4fc8-b47f-534df4ba62d4",
            "tags": {},
            "tenant_id": "51c67f2d-8e82-40bf-a4b6-929737f17091",
            "timeouts": null
          },
          "sensitive_attributes": [],
          "identity_schema_version": 0
        }
      ]
    },
    {
      "mode": "managed",
      "type": "azurerm_resource_group",
      "name": "governance",
      "provider": "provider[\"registry.terraform.io/hashicorp/azurerm\"]",
      "instances": [
        {
          "schema_version": 0,
          "attributes": {
            "id": "/subscriptions/6b3de81f-c407-4fc8-b47f-534df4ba62d4/resourceGroups/rg-governance-terraform",
            "location": "centralindia",
            "managed_by": "",
            "name": "rg-governance-terraform",
            "tags": {
              "CostCenter": "IT001",
              "Environment": "Sandbox",
              "Owner": "Amit"
            },
            "timeouts": null
          },
          "sensitive_attributes": [],
          "identity_schema_version": 0,
          "identity": {
            "name": "rg-governance-terraform",
            "subscription_id": "6b3de81f-c407-4fc8-b47f-534df4ba62d4"
          },
          "private": "eyJlMmJmYjczMC1lY2FhLTExZTYtOGY4OC0zNDM2M2JjN2M0YzAiOnsiY3JlYXRlIjo1NDAwMDAwMDAwMDAwLCJkZWxldGUiOjU0MDAwMDAwMDAwMDAsInJlYWQiOjMwMDAwMDAwMDAwMCwidXBkYXRlIjo1NDAwMDAwMDAwMDAwfX0="
        }
      ]
    },
    {
      "mode": "managed",
      "type": "azurerm_subscription_policy_assignment",
      "name": "allowed_locations",
      "provider": "provider[\"registry.terraform.io/hashicorp/azurerm\"]",
      "instances": [
        {
          "schema_version": 0,
          "attributes": {
            "description": "",
            "display_name": "",
            "enforce": true,
            "id": "/subscriptions/6b3de81f-c407-4fc8-b47f-534df4ba62d4/providers/Microsoft.Authorization/policyAssignments/allowed-locations-policy",
            "identity": [],
            "location": "",
            "metadata": "{\"createdBy\":\"eb338862-91e1-4837-b461-5647e09599d3\",\"createdOn\":\"2026-05-25T20:58:24.4921977Z\",\"updatedBy\":null,\"updatedOn\":null}",
            "name": "allowed-locations-policy",
            "non_compliance_message": [],
            "not_scopes": [],
            "overrides": [],
            "parameters": "{\"listOfAllowedLocations\":{\"value\":[\"centralindia\"]}}",
            "policy_definition_id": "/providers/Microsoft.Authorization/policyDefinitions/e56962a6-4747-49cd-b67b-bf8b01975c4c",
            "resource_selectors": [],
            "subscription_id": "/subscriptions/6b3de81f-c407-4fc8-b47f-534df4ba62d4",
            "timeouts": null
          },
          "sensitive_attributes": [],
          "identity_schema_version": 0,
          "private": "eyJlMmJmYjczMC1lY2FhLTExZTYtOGY4OC0zNDM2M2JjN2M0YzAiOnsiY3JlYXRlIjoxODAwMDAwMDAwMDAwLCJkZWxldGUiOjE4MDAwMDAwMDAwMDAsInJlYWQiOjMwMDAwMDAwMDAwMCwidXBkYXRlIjoxODAwMDAwMDAwMDAwfX0=",
          "dependencies": [
            "data.azurerm_subscription.current"
          ]
        }
      ]
    },
    {
      "mode": "managed",
      "type": "azurerm_subscription_policy_assignment",
      "name": "allowed_vm_sizes",
      "provider": "provider[\"registry.terraform.io/hashicorp/azurerm\"]",
      "instances": [
        {
          "schema_version": 0,
          "attributes": {
            "description": "",
            "display_name": "",
            "enforce": true,
            "id": "/subscriptions/6b3de81f-c407-4fc8-b47f-534df4ba62d4/providers/Microsoft.Authorization/policyAssignments/allowed-vm-sizes-policy",
            "identity": [],
            "location": "",
            "metadata": "{\"createdBy\":\"eb338862-91e1-4837-b461-5647e09599d3\",\"createdOn\":\"2026-05-25T21:15:30.0397211Z\",\"updatedBy\":null,\"updatedOn\":null}",
            "name": "allowed-vm-sizes-policy",
            "non_compliance_message": [],
            "not_scopes": [],
            "overrides": [],
            "parameters": "{\"listOfAllowedSKUs\":{\"value\":[\"Standard_B1s\",\"Standard_B2s\",\"Standard_D2s_v3\"]}}",
            "policy_definition_id": "/providers/Microsoft.Authorization/policyDefinitions/cccc23c7-8427-4f53-ad12-b6a63eb452b3",
            "resource_selectors": [],
            "subscription_id": "/subscriptions/6b3de81f-c407-4fc8-b47f-534df4ba62d4",
            "timeouts": null
          },
          "sensitive_attributes": [],
          "identity_schema_version": 0,
          "private": "eyJlMmJmYjczMC1lY2FhLTExZTYtOGY4OC0zNDM2M2JjN2M0YzAiOnsiY3JlYXRlIjoxODAwMDAwMDAwMDAwLCJkZWxldGUiOjE4MDAwMDAwMDAwMDAsInJlYWQiOjMwMDAwMDAwMDAwMCwidXBkYXRlIjoxODAwMDAwMDAwMDAwfX0=",
          "dependencies": [
            "data.azurerm_subscription.current"
          ]
        }
      ]
    },
    {
      "mode": "managed",
      "type": "azurerm_subscription_policy_assignment",
      "name": "require_environment_tag",
      "provider": "provider[\"registry.terraform.io/hashicorp/azurerm\"]",
      "instances": [
        {
          "schema_version": 0,
          "attributes": {
            "description": "",
            "display_name": "",
            "enforce": true,
            "id": "/subscriptions/6b3de81f-c407-4fc8-b47f-534df4ba62d4/providers/Microsoft.Authorization/policyAssignments/require-environment-tag",
            "identity": [],
            "location": "",
            "metadata": "{\"createdBy\":\"eb338862-91e1-4837-b461-5647e09599d3\",\"createdOn\":\"2026-05-25T20:58:24.2520577Z\",\"updatedBy\":null,\"updatedOn\":null}",
            "name": "require-environment-tag",
            "non_compliance_message": [],
            "not_scopes": [],
            "overrides": [],
            "parameters": "{\"tagName\":{\"value\":\"Environment\"}}",
            "policy_definition_id": "/providers/Microsoft.Authorization/policyDefinitions/871b6d14-10aa-478d-b590-94f262ecfa99",
            "resource_selectors": [],
            "subscription_id": "/subscriptions/6b3de81f-c407-4fc8-b47f-534df4ba62d4",
            "timeouts": null
          },
          "sensitive_attributes": [],
          "identity_schema_version": 0,
          "private": "eyJlMmJmYjczMC1lY2FhLTExZTYtOGY4OC0zNDM2M2JjN2M0YzAiOnsiY3JlYXRlIjoxODAwMDAwMDAwMDAwLCJkZWxldGUiOjE4MDAwMDAwMDAwMDAsInJlYWQiOjMwMDAwMDAwMDAwMCwidXBkYXRlIjoxODAwMDAwMDAwMDAwfX0=",
          "dependencies": [
            "data.azurerm_subscription.current"
          ]
        }
      ]
    },
    {
      "mode": "managed",
      "type": "azurerm_subscription_policy_assignment",
      "name": "storage_network",
      "provider": "provider[\"registry.terraform.io/hashicorp/azurerm\"]",
      "instances": [
        {
          "schema_version": 0,
          "attributes": {
            "description": "",
            "display_name": "",
            "enforce": true,
            "id": "/subscriptions/6b3de81f-c407-4fc8-b47f-534df4ba62d4/providers/Microsoft.Authorization/policyAssignments/storage-network-security",
            "identity": [],
            "location": "",
            "metadata": "{\"createdBy\":\"eb338862-91e1-4837-b461-5647e09599d3\",\"createdOn\":\"2026-05-25T21:15:30.5002919Z\",\"updatedBy\":null,\"updatedOn\":null}",
            "name": "storage-network-security",
            "non_compliance_message": [],
            "not_scopes": [],
            "overrides": [],
            "parameters": "",
            "policy_definition_id": "/providers/Microsoft.Authorization/policyDefinitions/34c877ad-507e-4c82-993e-3452a6e0ad3c",
            "resource_selectors": [],
            "subscription_id": "/subscriptions/6b3de81f-c407-4fc8-b47f-534df4ba62d4",
            "timeouts": null
          },
          "sensitive_attributes": [],
          "identity_schema_version": 0,
          "private": "eyJlMmJmYjczMC1lY2FhLTExZTYtOGY4OC0zNDM2M2JjN2M0YzAiOnsiY3JlYXRlIjoxODAwMDAwMDAwMDAwLCJkZWxldGUiOjE4MDAwMDAwMDAwMDAsInJlYWQiOjMwMDAwMDAwMDAwMCwidXBkYXRlIjoxODAwMDAwMDAwMDAwfX0=",
          "dependencies": [
            "data.azurerm_subscription.current"
          ]
        }
      ]
    }
  ],
  "check_results": null
}
